
Microsoft Visual Studio Solution File, Format Version 12.00
# Visual Studio Version 16
VisualStudioVersion = 16.0.30803.129
MinimumVisualStudioVersion = 10.0.40219.1
Project("{FAE04EC0-301F-11D3-BF4B-00C04F79EFBC}") = "blazor", "blazor.csproj", "{A08B41C2-FC1A-4961-AFCF-BF31A87D34CA}"
EndProject
Global
	GlobalSection(SolutionConfigurationPlatforms) = preSolution
		Debug|Any CPU = Debug|Any CPU
		Release|Any CPU = Release|Any CPU
	EndGlobalSection
	GlobalSection(ProjectConfigurationPlatforms) = postSolution
		{A08B41C2-FC1A-4961-AFCF-BF31A87D34CA}.Debug|Any CPU.ActiveCfg = Debug|Any CPU
		{A08B41C2-FC1A-4961-AFCF-BF31A87D34CA}.Debug|Any CPU.Build.0 = Debug|Any CPU
		{A08B41C2-FC1A-4961-AFCF-BF31A87D34CA}.Release|Any CPU.ActiveCfg = Release|Any CPU
		{A08B41C2-FC1A-4961-AFCF-BF31A87D34CA}.Release|Any CPU.Build.0 = Release|Any CPU
	EndGlobalSection
	GlobalSection(SolutionProperties) = preSolution
		HideSolutionNode = FALSE
	EndGlobalSection
	GlobalSection(ExtensibilityGlobals) = postSolution
		SolutionGuid = {DF07A507-A60B-4797-96F7-A33F8C03EF6E}
	EndGlobalSection
EndGlobal
